
Microsoft Visual Studio Solution File, Format Version 12.00
# Visual Studio Version 17
VisualStudioVersion = 17.9.34728.123
MinimumVisualStudioVersion = 10.0.40219.1
Project("{FAE04EC0-301F-11D3-BF4B-00C04F79EFBC}") = "LifeForMoreStamina", "LifeForMoreStamina\LifeForMoreStamina.csproj", "{27E60181-042C-493A-A705-2E726D6B82F4}"
EndProject
Global
	GlobalSection(SolutionConfigurationPlatforms) = preSolution
		Debug|Any CPU = Debug|Any CPU
		Release|Any CPU = Release|Any CPU
	EndGlobalSection
	GlobalSection(ProjectConfigurationPlatforms) = postSolution
		{27E60181-042C-493A-A705-2E726D6B82F4}.Debug|Any CPU.ActiveCfg = Debug|Any CPU
		{27E60181-042C-493A-A705-2E726D6B82F4}.Debug|Any CPU.Build.0 = Debug|Any CPU
		{27E60181-042C-493A-A705-2E726D6B82F4}.Release|Any CPU.ActiveCfg = Release|Any CPU
		{27E60181-042C-493A-A705-2E726D6B82F4}.Release|Any CPU.Build.0 = Release|Any CPU
	EndGlobalSection
	GlobalSection(SolutionProperties) = preSolution
		HideSolutionNode = FALSE
	EndGlobalSection
	GlobalSection(ExtensibilityGlobals) = postSolution
		SolutionGuid = {7115EA63-5C66-4F2B-8A6E-0422ECA18E87}
	EndGlobalSection
EndGlobal
